
Microsoft Visual Studio Solution File, Format Version 11.00
# Visual Studio 2010
Project("{FAE04EC0-301F-11D3-BF4B-00C04F79EFBC}") = "SpellRite", "Assembly-CSharp.csproj", "{F84E8BAA-5B20-1D0D-5066-43295F28612B}"
EndProject
Global
	GlobalSection(SolutionConfigurationPlatforms) = preSolution
		Debug|Any CPU = Debug|Any CPU
		Release|Any CPU = Release|Any CPU
	EndGlobalSection
	GlobalSection(ProjectConfigurationPlatforms) = postSolution
		{F84E8BAA-5B20-1D0D-5066-43295F28612B}.Debug|Any CPU.ActiveCfg = Debug|Any CPU
		{F84E8BAA-5B20-1D0D-5066-43295F28612B}.Debug|Any CPU.Build.0 = Debug|Any CPU
		{F84E8BAA-5B20-1D0D-5066-43295F28612B}.Release|Any CPU.ActiveCfg = Release|Any CPU
		{F84E8BAA-5B20-1D0D-5066-43295F28612B}.Release|Any CPU.Build.0 = Release|Any CPU
	EndGlobalSection
	GlobalSection(SolutionProperties) = preSolution
		HideSolutionNode = FALSE
	EndGlobalSection
	GlobalSection(MonoDevelopProperties) = preSolution
		StartupItem = Assembly-CSharp.csproj
	EndGlobalSection
EndGlobal
